
Microsoft Visual Studio Solution File, Format Version 12.00
# Visual Studio 15
VisualStudioVersion = 15.0.27130.2036
MinimumVisualStudioVersion = 10.0.40219.1
Project("{8BC9CEB8-8B4A-11D0-8D11-00A0C91BC942}") = "okna", "okna\okna.vcxproj", "{23F3907C-EE07-4136-AA44-0AAC0152118D}"
EndProject
Global
	GlobalSection(SolutionConfigurationPlatforms) = preSolution
		Debug|x64 = Debug|x64
		Debug|x86 = Debug|x86
		Release|x64 = Release|x64
		Release|x86 = Release|x86
	EndGlobalSection
	GlobalSection(ProjectConfigurationPlatforms) = postSolution
		{23F3907C-EE07-4136-AA44-0AAC0152118D}.Debug|x64.ActiveCfg = Debug|x64
		{23F3907C-EE07-4136-AA44-0AAC0152118D}.Debug|x64.Build.0 = Debug|x64
		{23F3907C-EE07-4136-AA44-0AAC0152118D}.Debug|x86.ActiveCfg = Debug|Win32
		{23F3907C-EE07-4136-AA44-0AAC0152118D}.Debug|x86.Build.0 = Debug|Win32
		{23F3907C-EE07-4136-AA44-0AAC0152118D}.Release|x64.ActiveCfg = Release|x64
		{23F3907C-EE07-4136-AA44-0AAC0152118D}.Release|x64.Build.0 = Release|x64
		{23F3907C-EE07-4136-AA44-0AAC0152118D}.Release|x86.ActiveCfg = Release|Win32
		{23F3907C-EE07-4136-AA44-0AAC0152118D}.Release|x86.Build.0 = Release|Win32
	EndGlobalSection
	GlobalSection(SolutionProperties) = preSolution
		HideSolutionNode = FALSE
	EndGlobalSection
	GlobalSection(ExtensibilityGlobals) = postSolution
		SolutionGuid = {8211DB91-F66A-4278-868F-EEE6477B6C15}
	EndGlobalSection
EndGlobal
